
Microsoft Visual Studio Solution File, Format Version 12.00
# Visual Studio Version 17
VisualStudioVersion = 17.0.31919.166
MinimumVisualStudioVersion = 10.0.40219.1
Project("{FAE04EC0-301F-11D3-BF4B-00C04F79EFBC}") = "TestASP.NET", "TestASP.NET\TestASP.NET.csproj", "{609ECAE9-BC85-4108-BCB3-DDA3D3EEE927}"
EndProject
Global
	GlobalSection(SolutionConfigurationPlatforms) = preSolution
		Debug|Any CPU = Debug|Any CPU
		Release|Any CPU = Release|Any CPU
	EndGlobalSection
	GlobalSection(ProjectConfigurationPlatforms) = postSolution
		{609ECAE9-BC85-4108-BCB3-DDA3D3EEE927}.Debug|Any CPU.ActiveCfg = Debug|Any CPU
		{609ECAE9-BC85-4108-BCB3-DDA3D3EEE927}.Debug|Any CPU.Build.0 = Debug|Any CPU
		{609ECAE9-BC85-4108-BCB3-DDA3D3EEE927}.Release|Any CPU.ActiveCfg = Release|Any CPU
		{609ECAE9-BC85-4108-BCB3-DDA3D3EEE927}.Release|Any CPU.Build.0 = Release|Any CPU
	EndGlobalSection
	GlobalSection(SolutionProperties) = preSolution
		HideSolutionNode = FALSE
	EndGlobalSection
	GlobalSection(ExtensibilityGlobals) = postSolution
		SolutionGuid = {4A86176A-2AA3-4FBC-80D7-ABAF3E942E25}
	EndGlobalSection
EndGlobal
